
Microsoft Visual Studio Solution File, Format Version 12.00
# Visual Studio Version 17
VisualStudioVersion = 17.4.33213.308
MinimumVisualStudioVersion = 10.0.40219.1
Project("{FAE04EC0-301F-11D3-BF4B-00C04F79EFBC}") = "ImporterPOS.WPF", "ImporterPOS.WPF\ImporterPOS.WPF.csproj", "{87331659-B5D3-4DC3-BDF2-4405D45973FD}"
EndProject
Project("{FAE04EC0-301F-11D3-BF4B-00C04F79EFBC}") = "ImporterPOS.Domain", "ImporterPOS.Domain\ImporterPOS.Domain.csproj", "{206A8807-AE28-4566-B501-95E285E2E34E}"
EndProject
Global
	GlobalSection(SolutionConfigurationPlatforms) = preSolution
		Debug|Any CPU = Debug|Any CPU
		Release|Any CPU = Release|Any CPU
	EndGlobalSection
	GlobalSection(ProjectConfigurationPlatforms) = postSolution
		{87331659-B5D3-4DC3-BDF2-4405D45973FD}.Debug|Any CPU.ActiveCfg = Debug|Any CPU
		{87331659-B5D3-4DC3-BDF2-4405D45973FD}.Debug|Any CPU.Build.0 = Debug|Any CPU
		{87331659-B5D3-4DC3-BDF2-4405D45973FD}.Release|Any CPU.ActiveCfg = Release|Any CPU
		{87331659-B5D3-4DC3-BDF2-4405D45973FD}.Release|Any CPU.Build.0 = Release|Any CPU
		{206A8807-AE28-4566-B501-95E285E2E34E}.Debug|Any CPU.ActiveCfg = Debug|Any CPU
		{206A8807-AE28-4566-B501-95E285E2E34E}.Debug|Any CPU.Build.0 = Debug|Any CPU
		{206A8807-AE28-4566-B501-95E285E2E34E}.Release|Any CPU.ActiveCfg = Release|Any CPU
		{206A8807-AE28-4566-B501-95E285E2E34E}.Release|Any CPU.Build.0 = Release|Any CPU
	EndGlobalSection
	GlobalSection(SolutionProperties) = preSolution
		HideSolutionNode = FALSE
	EndGlobalSection
	GlobalSection(ExtensibilityGlobals) = postSolution
		SolutionGuid = {C344D4C7-53C4-4521-9DB2-23F63DA1CA6D}
	EndGlobalSection
EndGlobal
